
Microsoft Visual Studio Solution File, Format Version 12.00
# Visual Studio Version 16
VisualStudioVersion = 16.0.30907.101
MinimumVisualStudioVersion = 10.0.40219.1
Project("{FAE04EC0-301F-11D3-BF4B-00C04F79EFBC}") = "Business", "Business\Business.csproj", "{15D87C89-9BC3-4460-8667-8F01D4F66F40}"
EndProject
Project("{FAE04EC0-301F-11D3-BF4B-00C04F79EFBC}") = "DataAccess", "DataAccess\DataAccess.csproj", "{0C003F69-64EC-4F87-971D-76B7DAAAD0DA}"
EndProject
Project("{FAE04EC0-301F-11D3-BF4B-00C04F79EFBC}") = "Entities", "Entities\Entities.csproj", "{957F12A2-1068-4D9F-BA38-808D62C6D17F}"
EndProject
Project("{FAE04EC0-301F-11D3-BF4B-00C04F79EFBC}") = "ConsoleUI", "ConsoleUI\ConsoleUI.csproj", "{F88881A2-937E-4F6B-957C-630D0C5F0F8A}"
EndProject
Global
	GlobalSection(SolutionConfigurationPlatforms) = preSolution
		Debug|Any CPU = Debug|Any CPU
		Release|Any CPU = Release|Any CPU
	EndGlobalSection
	GlobalSection(ProjectConfigurationPlatforms) = postSolution
		{15D87C89-9BC3-4460-8667-8F01D4F66F40}.Debug|Any CPU.ActiveCfg = Debug|Any CPU
		{15D87C89-9BC3-4460-8667-8F01D4F66F40}.Debug|Any CPU.Build.0 = Debug|Any CPU
		{15D87C89-9BC3-4460-8667-8F01D4F66F40}.Release|Any CPU.ActiveCfg = Release|Any CPU
		{15D87C89-9BC3-4460-8667-8F01D4F66F40}.Release|Any CPU.Build.0 = Release|Any CPU
		{0C003F69-64EC-4F87-971D-76B7DAAAD0DA}.Debug|Any CPU.ActiveCfg = Debug|Any CPU
		{0C003F69-64EC-4F87-971D-76B7DAAAD0DA}.Debug|Any CPU.Build.0 = Debug|Any CPU
		{0C003F69-64EC-4F87-971D-76B7DAAAD0DA}.Release|Any CPU.ActiveCfg = Release|Any CPU
		{0C003F69-64EC-4F87-971D-76B7DAAAD0DA}.Release|Any CPU.Build.0 = Release|Any CPU
		{957F12A2-1068-4D9F-BA38-808D62C6D17F}.Debug|Any CPU.ActiveCfg = Debug|Any CPU
		{957F12A2-1068-4D9F-BA38-808D62C6D17F}.Debug|Any CPU.Build.0 = Debug|Any CPU
		{957F12A2-1068-4D9F-BA38-808D62C6D17F}.Release|Any CPU.ActiveCfg = Release|Any CPU
		{957F12A2-1068-4D9F-BA38-808D62C6D17F}.Release|Any CPU.Build.0 = Release|Any CPU
		{F88881A2-937E-4F6B-957C-630D0C5F0F8A}.Debug|Any CPU.ActiveCfg = Debug|Any CPU
		{F88881A2-937E-4F6B-957C-630D0C5F0F8A}.Debug|Any CPU.Build.0 = Debug|Any CPU
		{F88881A2-937E-4F6B-957C-630D0C5F0F8A}.Release|Any CPU.ActiveCfg = Release|Any CPU
		{F88881A2-937E-4F6B-957C-630D0C5F0F8A}.Release|Any CPU.Build.0 = Release|Any CPU
	EndGlobalSection
	GlobalSection(SolutionProperties) = preSolution
		HideSolutionNode = FALSE
	EndGlobalSection
	GlobalSection(ExtensibilityGlobals) = postSolution
		SolutionGuid = {8FC4E977-7EE3-4743-B4B2-7469556F6C6B}
	EndGlobalSection
EndGlobal
